
Microsoft Visual Studio Solution File, Format Version 12.00
# Visual Studio Version 16
VisualStudioVersion = 16.0.28803.452
MinimumVisualStudioVersion = 10.0.40219.1
Project("{FAE04EC0-301F-11D3-BF4B-00C04F79EFBC}") = "Swiping.Android", "Swiping\Swiping.Android\Swiping.Android.csproj", "{D5342307-E004-45C9-AF09-597729894ACA}"
EndProject
Project("{FAE04EC0-301F-11D3-BF4B-00C04F79EFBC}") = "Swiping.iOS", "Swiping\Swiping.iOS\Swiping.iOS.csproj", "{5EC8665B-FC8D-497C-8DF9-22140DC229E2}"
EndProject
Project("{FAE04EC0-301F-11D3-BF4B-00C04F79EFBC}") = "Swiping", "Swiping\Swiping\Swiping.csproj", "{8A97A095-A312-4AC1-A6AD-E7F9465CC257}"
EndProject
Global
	GlobalSection(SolutionConfigurationPlatforms) = preSolution
		Debug|Any CPU = Debug|Any CPU
		Debug|iPhone = Debug|iPhone
		Debug|iPhoneSimulator = Debug|iPhoneSimulator
		Release|Any CPU = Release|Any CPU
		Release|iPhone = Release|iPhone
		Release|iPhoneSimulator = Release|iPhoneSimulator
	EndGlobalSection
	GlobalSection(ProjectConfigurationPlatforms) = postSolution
		{D5342307-E004-45C9-AF09-597729894ACA}.Debug|Any CPU.ActiveCfg = Debug|Any CPU
		{D5342307-E004-45C9-AF09-597729894ACA}.Debug|Any CPU.Build.0 = Debug|Any CPU
		{D5342307-E004-45C9-AF09-597729894ACA}.Debug|Any CPU.Deploy.0 = Debug|Any CPU
		{D5342307-E004-45C9-AF09-597729894ACA}.Debug|iPhone.ActiveCfg = Debug|Any CPU
		{D5342307-E004-45C9-AF09-597729894ACA}.Debug|iPhone.Build.0 = Debug|Any CPU
		{D5342307-E004-45C9-AF09-597729894ACA}.Debug|iPhone.Deploy.0 = Debug|Any CPU
		{D5342307-E004-45C9-AF09-597729894ACA}.Debug|iPhoneSimulator.ActiveCfg = Debug|Any CPU
		{D5342307-E004-45C9-AF09-597729894ACA}.Debug|iPhoneSimulator.Build.0 = Debug|Any CPU
		{D5342307-E004-45C9-AF09-597729894ACA}.Debug|iPhoneSimulator.Deploy.0 = Debug|Any CPU
		{D5342307-E004-45C9-AF09-597729894ACA}.Release|Any CPU.ActiveCfg = Release|Any CPU
		{D5342307-E004-45C9-AF09-597729894ACA}.Release|Any CPU.Build.0 = Release|Any CPU
		{D5342307-E004-45C9-AF09-597729894ACA}.Release|Any CPU.Deploy.0 = Release|Any CPU
		{D5342307-E004-45C9-AF09-597729894ACA}.Release|iPhone.ActiveCfg = Release|Any CPU
		{D5342307-E004-45C9-AF09-597729894ACA}.Release|iPhone.Build.0 = Release|Any CPU
		{D5342307-E004-45C9-AF09-597729894ACA}.Release|iPhone.Deploy.0 = Release|Any CPU
		{D5342307-E004-45C9-AF09-597729894ACA}.Release|iPhoneSimulator.ActiveCfg = Release|Any CPU
		{D5342307-E004-45C9-AF09-597729894ACA}.Release|iPhoneSimulator.Build.0 = Release|Any CPU
		{D5342307-E004-45C9-AF09-597729894ACA}.Release|iPhoneSimulator.Deploy.0 = Release|Any CPU
		{5EC8665B-FC8D-497C-8DF9-22140DC229E2}.Debug|Any CPU.ActiveCfg = Debug|iPhoneSimulator
		{5EC8665B-FC8D-497C-8DF9-22140DC229E2}.Debug|Any CPU.Build.0 = Debug|iPhoneSimulator
		{5EC8665B-FC8D-497C-8DF9-22140DC229E2}.Debug|Any CPU.Deploy.0 = Debug|iPhoneSimulator
		{5EC8665B-FC8D-497C-8DF9-22140DC229E2}.Debug|iPhone.ActiveCfg = Debug|iPhone
		{5EC8665B-FC8D-497C-8DF9-22140DC229E2}.Debug|iPhone.Build.0 = Debug|iPhone
		{5EC8665B-FC8D-497C-8DF9-22140DC229E2}.Debug|iPhone.Deploy.0 = Debug|iPhone
		{5EC8665B-FC8D-497C-8DF9-22140DC229E2}.Debug|iPhoneSimulator.ActiveCfg = Debug|iPhoneSimulator
		{5EC8665B-FC8D-497C-8DF9-22140DC229E2}.Debug|iPhoneSimulator.Build.0 = Debug|iPhoneSimulator
		{5EC8665B-FC8D-497C-8DF9-22140DC229E2}.Debug|iPhoneSimulator.Deploy.0 = Debug|iPhoneSimulator
		{5EC8665B-FC8D-497C-8DF9-22140DC229E2}.Release|Any CPU.ActiveCfg = Release|iPhone
		{5EC8665B-FC8D-497C-8DF9-22140DC229E2}.Release|Any CPU.Build.0 = Release|iPhone
		{5EC8665B-FC8D-497C-8DF9-22140DC229E2}.Release|Any CPU.Deploy.0 = Release|iPhone
		{5EC8665B-FC8D-497C-8DF9-22140DC229E2}.Release|iPhone.ActiveCfg = Release|iPhone
		{5EC8665B-FC8D-497C-8DF9-22140DC229E2}.Release|iPhone.Build.0 = Release|iPhone
		{5EC8665B-FC8D-497C-8DF9-22140DC229E2}.Release|iPhone.Deploy.0 = Release|iPhone
		{5EC8665B-FC8D-497C-8DF9-22140DC229E2}.Release|iPhoneSimulator.ActiveCfg = Release|iPhoneSimulator
		{5EC8665B-FC8D-497C-8DF9-22140DC229E2}.Release|iPhoneSimulator.Build.0 = Release|iPhoneSimulator
		{5EC8665B-FC8D-497C-8DF9-22140DC229E2}.Release|iPhoneSimulator.Deploy.0 = Release|iPhoneSimulator
		{8A97A095-A312-4AC1-A6AD-E7F9465CC257}.Debug|Any CPU.ActiveCfg = Debug|Any CPU
		{8A97A095-A312-4AC1-A6AD-E7F9465CC257}.Debug|Any CPU.Build.0 = Debug|Any CPU
		{8A97A095-A312-4AC1-A6AD-E7F9465CC257}.Debug|Any CPU.Deploy.0 = Debug|Any CPU
		{8A97A095-A312-4AC1-A6AD-E7F9465CC257}.Debug|iPhone.ActiveCfg = Debug|Any CPU
		{8A97A095-A312-4AC1-A6AD-E7F9465CC257}.Debug|iPhone.Build.0 = Debug|Any CPU
		{8A97A095-A312-4AC1-A6AD-E7F9465CC257}.Debug|iPhone.Deploy.0 = Debug|Any CPU
		{8A97A095-A312-4AC1-A6AD-E7F9465CC257}.Debug|iPhoneSimulator.ActiveCfg = Debug|Any CPU
		{8A97A095-A312-4AC1-A6AD-E7F9465CC257}.Debug|iPhoneSimulator.Build.0 = Debug|Any CPU
		{8A97A095-A312-4AC1-A6AD-E7F9465CC257}.Debug|iPhoneSimulator.Deploy.0 = Debug|Any CPU
		{8A97A095-A312-4AC1-A6AD-E7F9465CC257}.Release|Any CPU.ActiveCfg = Release|Any CPU
		{8A97A095-A312-4AC1-A6AD-E7F9465CC257}.Release|Any CPU.Build.0 = Release|Any CPU
		{8A97A095-A312-4AC1-A6AD-E7F9465CC257}.Release|Any CPU.Deploy.0 = Release|Any CPU
		{8A97A095-A312-4AC1-A6AD-E7F9465CC257}.Release|iPhone.ActiveCfg = Release|Any CPU
		{8A97A095-A312-4AC1-A6AD-E7F9465CC257}.Release|iPhone.Build.0 = Release|Any CPU
		{8A97A095-A312-4AC1-A6AD-E7F9465CC257}.Release|iPhone.Deploy.0 = Release|Any CPU
		{8A97A095-A312-4AC1-A6AD-E7F9465CC257}.Release|iPhoneSimulator.ActiveCfg = Release|Any CPU
		{8A97A095-A312-4AC1-A6AD-E7F9465CC257}.Release|iPhoneSimulator.Build.0 = Release|Any CPU
		{8A97A095-A312-4AC1-A6AD-E7F9465CC257}.Release|iPhoneSimulator.Deploy.0 = Release|Any CPU
	EndGlobalSection
	GlobalSection(SolutionProperties) = preSolution
		HideSolutionNode = FALSE
	EndGlobalSection
	GlobalSection(ExtensibilityGlobals) = postSolution
		SolutionGuid = {7AD0930D-DDDA-432A-A0C3-6D5CDF6A6C9F}
	EndGlobalSection
EndGlobal
